{
  "name": "pear-templates",
  "version": "1.0.0",
  "lockfileVersion": 3,
  "requires": true,
  "packages": {
    "": {
      "name": "pear-templates",
      "version": "1.0.0",
      "license": "Apache-2.0",
      "dependencies": {
        "bare-signals": "^4.2.0",
        "paparam": "^1.10.0",
        "pear-gracedown": "^1.0.3",
        "pear-init": "^1.0.0",
        "pear-pipe": "^1.0.6",
        "pear-terminal": "^1.1.0"
      }
    },
    "node_modules/b4a": {
      "version": "1.7.3",
      "resolved": "https://registry.npmjs.org/b4a/-/b4a-1.7.3.tgz",
      "integrity": "sha512-5Q2mfq2WfGuFp3uS//0s6baOJLMoVduPYVeNmDYxu5OUA1/cBfvr2RIS7vi62LdNj/urk1hfmj867I3qt6uZ7Q==",
      "license": "Apache-2.0",
      "peerDependencies": {
        "react-native-b4a": "*"
      },
      "peerDependenciesMeta": {
        "react-native-b4a": {
          "optional": true
        }
      }
    },
    "node_modules/bare-addon-resolve": {
      "version": "1.9.6",
      "resolved": "https://registry.npmjs.org/bare-addon-resolve/-/bare-addon-resolve-1.9.6.tgz",
      "integrity": "sha512-hvOQY1zDK6u0rSr27T6QlULoVLwi8J2k8HHHJlxSfT7XQdQ/7bsS+AnjYkHtu/TkL+gm3aMXAKucJkJAbrDG/g==",
      "license": "Apache-2.0",
      "dependencies": {
        "bare-module-resolve": "^1.10.0",
        "bare-semver": "^1.0.0"
      },
      "peerDependencies": {
        "bare-url": "*"
      },
      "peerDependenciesMeta": {
        "bare-url": {
          "optional": true
        }
      }
    },
    "node_modules/bare-ansi-escapes": {
      "version": "2.2.3",
      "resolved": "https://registry.npmjs.org/bare-ansi-escapes/-/bare-ansi-escapes-2.2.3.tgz",
      "integrity": "sha512-02ES4/E2RbrtZSnHJ9LntBhYkLA6lPpSEeP8iqS3MccBIVhVBlEmruF1I7HZqx5Q8aiTeYfQVeqmrU9YO2yYoQ==",
      "license": "Apache-2.0",
      "dependencies": {
        "bare-stream": "^2.6.5"
      },
      "peerDependencies": {
        "bare-buffer": "*"
      },
      "peerDependenciesMeta": {
        "bare-buffer": {
          "optional": true
        }
      }
    },
    "node_modules/bare-events": {
      "version": "2.8.2",
      "resolved": "https://registry.npmjs.org/bare-events/-/bare-events-2.8.2.tgz",
      "integrity": "sha512-riJjyv1/mHLIPX4RwiK+oW9/4c3TEUeORHKefKAKnZ5kyslbN+HXowtbaVEqt4IMUB7OXlfixcs6gsFeo/jhiQ==",
      "license": "Apache-2.0",
      "peerDependencies": {
        "bare-abort-controller": "*"
      },
      "peerDependenciesMeta": {
        "bare-abort-controller": {
          "optional": true
        }
      }
    },
    "node_modules/bare-fs": {
      "version": "4.5.2",
      "resolved": "https://registry.npmjs.org/bare-fs/-/bare-fs-4.5.2.tgz",
      "integrity": "sha512-veTnRzkb6aPHOvSKIOy60KzURfBdUflr5VReI+NSaPL6xf+XLdONQgZgpYvUuZLVQ8dCqxpBAudaOM1+KpAUxw==",
      "license": "Apache-2.0",
      "dependencies": {
        "bare-events": "^2.5.4",
        "bare-path": "^3.0.0",
        "bare-stream": "^2.6.4",
        "bare-url": "^2.2.2",
        "fast-fifo": "^1.3.2"
      },
      "engines": {
        "bare": ">=1.16.0"
      },
      "peerDependencies": {
        "bare-buffer": "*"
      },
      "peerDependenciesMeta": {
        "bare-buffer": {
          "optional": true
        }
      }
    },
    "node_modules/bare-module-resolve": {
      "version": "1.12.0",
      "resolved": "https://registry.npmjs.org/bare-module-resolve/-/bare-module-resolve-1.12.0.tgz",
      "integrity": "sha512-JrzrqlC3Tds0iKRwQs8xIIJ+FRieKA9ll0jaqpotDLZtjJPVevzRoeuUYZ5GIo1t1z7/pIRdk85Q3i/2xQLfEQ==",
      "license": "Apache-2.0",
      "dependencies": {
        "bare-semver": "^1.0.0"
      },
      "peerDependencies": {
        "bare-url": "*"
      },
      "peerDependenciesMeta": {
        "bare-url": {
          "optional": true
        }
      }
    },
    "node_modules/bare-os": {
      "version": "3.6.2",
      "resolved": "https://registry.npmjs.org/bare-os/-/bare-os-3.6.2.tgz",
      "integrity": "sha512-T+V1+1srU2qYNBmJCXZkUY5vQ0B4FSlL3QDROnKQYOqeiQR8UbjNHlPa+TIbM4cuidiN9GaTaOZgSEgsvPbh5A==",
      "license": "Apache-2.0",
      "engines": {
        "bare": ">=1.14.0"
      }
    },
    "node_modules/bare-path": {
      "version": "3.0.0",
      "resolved": "https://registry.npmjs.org/bare-path/-/bare-path-3.0.0.tgz",
      "integrity": "sha512-tyfW2cQcB5NN8Saijrhqn0Zh7AnFNsnczRcuWODH0eYAXBsJ5gVxAUuNr7tsHSC6IZ77cA0SitzT+s47kot8Mw==",
      "license": "Apache-2.0",
      "dependencies": {
        "bare-os": "^3.0.1"
      }
    },
    "node_modules/bare-pipe": {
      "version": "4.1.2",
      "resolved": "https://registry.npmjs.org/bare-pipe/-/bare-pipe-4.1.2.tgz",
      "integrity": "sha512-btXtZLlABEDRp50cfLj9iweISqAJSNMCjeq5v0v9tBY2a7zSSqmfa2ZoE1ki2qxAvubagLUqw6VDifpsuI/qmg==",
      "license": "Apache-2.0",
      "dependencies": {
        "bare-events": "^2.0.0",
        "bare-stream": "^2.0.0"
      },
      "engines": {
        "bare": ">=1.16.0"
      }
    },
    "node_modules/bare-readline": {
      "version": "1.2.0",
      "resolved": "https://registry.npmjs.org/bare-readline/-/bare-readline-1.2.0.tgz",
      "integrity": "sha512-cHT2Q2tLHUHOJMHC2Q+UZxBF3j7aoI65/lWOgXUIm8r65dJV3dzIC06PQx8aLOxH4AWk1B5wVEF+cWnS4tkEtw==",
      "license": "Apache-2.0",
      "dependencies": {
        "bare-ansi-escapes": "^2.0.0",
        "bare-stream": "^2.0.0"
      }
    },
    "node_modules/bare-realm": {
      "version": "1.0.8",
      "resolved": "https://registry.npmjs.org/bare-realm/-/bare-realm-1.0.8.tgz",
      "integrity": "sha512-WvJXxwdmdOawkgtMRVKo5nsKKREA/UtevZMq9bT1HNRPPNfdOhLsV5peTEfHxGO5w6/UIMyRPkVtF6k4xYX7XA==",
      "license": "Apache-2.0",
      "engines": {
        "bare": ">=1.5.0"
      }
    },
    "node_modules/bare-semver": {
      "version": "1.0.2",
      "resolved": "https://registry.npmjs.org/bare-semver/-/bare-semver-1.0.2.tgz",
      "integrity": "sha512-ESVaN2nzWhcI5tf3Zzcq9aqCZ676VWzqw07eEZ0qxAcEOAFYBa0pWq8sK34OQeHLY3JsfKXZS9mDyzyxGjeLzA==",
      "license": "Apache-2.0"
    },
    "node_modules/bare-signals": {
      "version": "4.2.0",
      "resolved": "https://registry.npmjs.org/bare-signals/-/bare-signals-4.2.0.tgz",
      "integrity": "sha512-fNHMOdQIlYuTvMB3Oh9Apk99hLKn351+Ir8vz+khiPTcOqIyGG4uWWjdLTzxWdYGsA0eT+We3y0K74hjj2nq7A==",
      "license": "Apache-2.0",
      "dependencies": {
        "bare-events": "^2.5.3",
        "bare-os": "^3.3.1"
      },
      "engines": {
        "bare": ">=1.7.0"
      }
    },
    "node_modules/bare-stream": {
      "version": "2.7.0",
      "resolved": "https://registry.npmjs.org/bare-stream/-/bare-stream-2.7.0.tgz",
      "integrity": "sha512-oyXQNicV1y8nc2aKffH+BUHFRXmx6VrPzlnaEvMhram0nPBrKcEdcyBg5r08D0i8VxngHFAiVyn1QKXpSG0B8A==",
      "license": "Apache-2.0",
      "dependencies": {
        "streamx": "^2.21.0"
      },
      "peerDependencies": {
        "bare-buffer": "*",
        "bare-events": "*"
      },
      "peerDependenciesMeta": {
        "bare-buffer": {
          "optional": true
        },
        "bare-events": {
          "optional": true
        }
      }
    },
    "node_modules/bare-tty": {
      "version": "5.0.3",
      "resolved": "https://registry.npmjs.org/bare-tty/-/bare-tty-5.0.3.tgz",
      "integrity": "sha512-jW24RBWRZOMHuSEWC9mh8wUKO5WUNl0UWUTNPn3yZ8qkOqwa8vaV2dR3a+BvblONPk7V35wuvK9P8508+judAg==",
      "license": "Apache-2.0",
      "dependencies": {
        "bare-events": "^2.2.0",
        "bare-signals": "^4.0.0",
        "bare-stream": "^2.0.0"
      },
      "engines": {
        "bare": ">=1.16.0"
      }
    },
    "node_modules/bare-url": {
      "version": "2.3.2",
      "resolved": "https://registry.npmjs.org/bare-url/-/bare-url-2.3.2.tgz",
      "integrity": "sha512-ZMq4gd9ngV5aTMa5p9+UfY0b3skwhHELaDkhEHetMdX0LRkW9kzaym4oo/Eh+Ghm0CCDuMTsRIGM/ytUc1ZYmw==",
      "license": "Apache-2.0",
      "dependencies": {
        "bare-path": "^3.0.0"
      }
    },
    "node_modules/binary-stream-equals": {
      "version": "1.0.0",
      "resolved": "https://registry.npmjs.org/binary-stream-equals/-/binary-stream-equals-1.0.0.tgz",
      "integrity": "sha512-xiUT5LGfD8JiLhbXiG+ByOnbgb9f2ssRLfZDQMl3nZdf89EotQZGZuMkDN8J3n46emabE7RnJ1q0r7Hv3INExw==",
      "license": "MIT",
      "dependencies": {
        "b4a": "^1.3.1"
      }
    },
    "node_modules/blake2b": {
      "version": "2.1.4",
      "resolved": "https://registry.npmjs.org/blake2b/-/blake2b-2.1.4.tgz",
      "integrity": "sha512-AyBuuJNI64gIvwx13qiICz6H6hpmjvYS5DGkG6jbXMOT8Z3WUJ3V1X0FlhIoT1b/5JtHE3ki+xjtMvu1nn+t9A==",
      "license": "ISC",
      "dependencies": {
        "blake2b-wasm": "^2.4.0",
        "nanoassert": "^2.0.0"
      }
    },
    "node_modules/blake2b-wasm": {
      "version": "2.4.0",
      "resolved": "https://registry.npmjs.org/blake2b-wasm/-/blake2b-wasm-2.4.0.tgz",
      "integrity": "sha512-S1kwmW2ZhZFFFOghcx73+ZajEfKBqhP82JMssxtLVMxlaPea1p9uoLiUZ5WYyHn0KddwbLc+0vh4wR0KBNoT5w==",
      "license": "MIT",
      "dependencies": {
        "b4a": "^1.0.1",
        "nanoassert": "^2.0.0"
      }
    },
    "node_modules/events-universal": {
      "version": "1.0.1",
      "resolved": "https://registry.npmjs.org/events-universal/-/events-universal-1.0.1.tgz",
      "integrity": "sha512-LUd5euvbMLpwOF8m6ivPCbhQeSiYVNb8Vs0fQ8QjXo0JTkEHpz8pxdQf0gStltaPpw0Cca8b39KxvK9cfKRiAw==",
      "license": "Apache-2.0",
      "dependencies": {
        "bare-events": "^2.7.0"
      }
    },
    "node_modules/fast-fifo": {
      "version": "1.3.2",
      "resolved": "https://registry.npmjs.org/fast-fifo/-/fast-fifo-1.3.2.tgz",
      "integrity": "sha512-/d9sfos4yxzpwkDkuN7k2SqFKtYNmCTzgfEpz82x34IM9/zc8KGxQoXg1liNC/izpRM/MBdt44Nmx41ZWqk+FQ==",
      "license": "MIT"
    },
    "node_modules/hypercore-id-encoding": {
      "version": "1.3.0",
      "resolved": "https://registry.npmjs.org/hypercore-id-encoding/-/hypercore-id-encoding-1.3.0.tgz",
      "integrity": "sha512-W6sHdGo5h7LXEsoWfKf/KfuROZmZRQDlGqJF2EPHW+noCK66Vvr0+zE6cL0vqQi18s0kQPeN7Sq3QyR0Ytc2VQ==",
      "license": "Apache-2.0",
      "dependencies": {
        "b4a": "^1.5.3",
        "z32": "^1.0.0"
      }
    },
    "node_modules/localdrive": {
      "version": "2.2.0",
      "resolved": "https://registry.npmjs.org/localdrive/-/localdrive-2.2.0.tgz",
      "integrity": "sha512-OAjzlsk/YYbY3kmXbMHYNghGxR0EYeX8Rrbvh5h+O90e+6RqoCNlfSnrC7fjeHC1l4uT5OiISRAbTmNCBIZj7w==",
      "license": "Apache-2.0",
      "dependencies": {
        "b4a": "^1.6.1",
        "bare-fs": "^4.0.1",
        "bare-path": "^3.0.0",
        "mirror-drive": "^1.2.0",
        "mutexify": "^1.4.0",
        "streamx": "^2.12.5",
        "unix-path-resolve": "^1.0.2"
      }
    },
    "node_modules/mirror-drive": {
      "version": "1.10.0",
      "resolved": "https://registry.npmjs.org/mirror-drive/-/mirror-drive-1.10.0.tgz",
      "integrity": "sha512-n4H2qmkQsVTqBqx3hZMXqyHsDjsivJXmylBXbe7cqWmeQJw7dBcy/XoBihMwY9wrPVbGVtyKWXJwPXPRSf6/Yw==",
      "license": "Apache-2.0",
      "dependencies": {
        "bare-events": "^2.8.2",
        "binary-stream-equals": "^1.0.0",
        "same-data": "^1.0.0",
        "speedometer": "^1.1.0",
        "streamx": "^2.22.1",
        "unix-path-resolve": "^1.0.2"
      }
    },
    "node_modules/mutexify": {
      "version": "1.4.0",
      "resolved": "https://registry.npmjs.org/mutexify/-/mutexify-1.4.0.tgz",
      "integrity": "sha512-pbYSsOrSB/AKN5h/WzzLRMFgZhClWccf2XIB4RSMC8JbquiB0e0/SH5AIfdQMdyHmYtv4seU7yV/TvAwPLJ1Yg==",
      "license": "MIT",
      "dependencies": {
        "queue-tick": "^1.0.0"
      }
    },
    "node_modules/nanoassert": {
      "version": "2.0.0",
      "resolved": "https://registry.npmjs.org/nanoassert/-/nanoassert-2.0.0.tgz",
      "integrity": "sha512-7vO7n28+aYO4J+8w96AzhmU8G+Y/xpPDJz/se19ICsqj/momRbb9mh9ZUtkoJ5X3nTnPdhEJyc0qnM6yAsHBaA==",
      "license": "ISC"
    },
    "node_modules/paparam": {
      "version": "1.10.0",
      "resolved": "https://registry.npmjs.org/paparam/-/paparam-1.10.0.tgz",
      "integrity": "sha512-p36QQrwU3X6fj5d2JN20B4lcZI/O3fxMVUHc1xD7MNe5bcOf3jIgE0CIK5Zv/s5YAUGlobTJ/kKXrh1FJVrs3w==",
      "license": "Apache-2.0"
    },
    "node_modules/pear-aliases": {
      "version": "1.0.6",
      "resolved": "https://registry.npmjs.org/pear-aliases/-/pear-aliases-1.0.6.tgz",
      "integrity": "sha512-8crWoDqjrYFM2Rtlnsc43E4UWAn1/RPUklKRHjkUqhD/0tVM/5Q6vzxN2tDd5zmggQfeC+uX/flIfm1XIm3vEQ==",
      "license": "Apache-2.0",
      "dependencies": {
        "hypercore-id-encoding": "^1.3.0"
      }
    },
    "node_modules/pear-constants": {
      "version": "1.1.3",
      "resolved": "https://registry.npmjs.org/pear-constants/-/pear-constants-1.1.3.tgz",
      "integrity": "sha512-dW8EkiLXjmzr8C8gUqZEIZ4dEKKljRNBznlRM53JPzkDhd053alCbq+T18sE/D2KvzMBW69/Pp1ExFN07xi1EA==",
      "license": "Apache-2.0",
      "dependencies": {
        "b4a": "^1.6.7",
        "blake2b": "^2.1.4",
        "pear-aliases": "^1.0.2",
        "pear-rti": "^1.0.1",
        "sodium-native": "^5.0.6",
        "url-file-url": "^1.0.5",
        "which-runtime": "^1.3.0"
      }
    },
    "node_modules/pear-dump": {
      "version": "1.0.0",
      "resolved": "https://registry.npmjs.org/pear-dump/-/pear-dump-1.0.0.tgz",
      "integrity": "sha512-ao24bYE3ETShb97ziVvL+5h2dbM1q2iZdi9WQ2vgVlLvTGnKLTo4SqxC6/izRTShyWEDugqMwbEz+h5rPLSb7w==",
      "license": "Apache-2.0",
      "dependencies": {
        "pear-ref": "^1.0.1"
      }
    },
    "node_modules/pear-errors": {
      "version": "1.0.1",
      "resolved": "https://registry.npmjs.org/pear-errors/-/pear-errors-1.0.1.tgz",
      "integrity": "sha512-KQyhym09QpLT4H/z3uLW0bqixgIZic2Eip2Q8Z72QmIpFzPtp6QmnzOUwB3kuHB4dqKNa+FQWHWH0NSK5lJjlw==",
      "license": "Apache-2.0"
    },
    "node_modules/pear-gracedown": {
      "version": "1.0.3",
      "resolved": "https://registry.npmjs.org/pear-gracedown/-/pear-gracedown-1.0.3.tgz",
      "integrity": "sha512-PVh4AmpMDFxd+kMiCkuTyJ7NzRPgb0AEE7TR5GCl91x90uzWmFWon4TZMrCVhGtADG26OrQpOI+kL6S/o2w00w==",
      "license": "Apache-2.0",
      "dependencies": {
        "bare-os": "^3.6.1",
        "bare-signals": "^4.0.3",
        "safety-catch": "^1.0.2",
        "url-file-url": "^1.0.5"
      }
    },
    "node_modules/pear-init": {
      "version": "1.0.0",
      "resolved": "https://registry.npmjs.org/pear-init/-/pear-init-1.0.0.tgz",
      "integrity": "sha512-Mh5dlz1GoADnxosRowOs7vuDWpx746uFGQQtzDtUafY+a0XLLYOLyljlQwZ5wx7aYUAYJx6OBfekvbIsY6iJCw==",
      "license": "Apache-2.0",
      "dependencies": {
        "bare-path": "^3.0.0",
        "bare-realm": "^1.0.8",
        "localdrive": "^2.2.0",
        "pear-constants": "^1.1.3",
        "pear-dump": "^1.0.0",
        "pear-errors": "^1.0.1",
        "pear-link": "^4.2.1",
        "pear-opstream": "^1.0.0",
        "pear-stamp": "^1.0.2",
        "pear-terminal": "^1.0.1",
        "streamx": "^2.23.0",
        "url-file-url": "^1.0.5"
      }
    },
    "node_modules/pear-link": {
      "version": "4.2.1",
      "resolved": "https://registry.npmjs.org/pear-link/-/pear-link-4.2.1.tgz",
      "integrity": "sha512-Y6xSOY36EkWmaeTYqNVT2iV0xWfzCDCBtPCF898793ADk9Lbzfq7RLJ7PhqHRS+dLI7yTlLtCCfjGR3erQ0FKQ==",
      "license": "Apache-2.0",
      "dependencies": {
        "bare-path": "^3.0.0",
        "hypercore-id-encoding": "^1.2.0",
        "pear-aliases": "^1.0.0",
        "pear-errors": "^1.0.0"
      }
    },
    "node_modules/pear-opstream": {
      "version": "1.0.0",
      "resolved": "https://registry.npmjs.org/pear-opstream/-/pear-opstream-1.0.0.tgz",
      "integrity": "sha512-BTpIg7ZpUrSg9lx5JZrKQzWIE6RVB+qjE4CniOeoJXWT0pcorJJRht83Zto5R9qqJwss9ZVvppmRXZsXuWGpJQ==",
      "license": "Apache-2.0",
      "dependencies": {
        "pear-link": "^4.2.1",
        "streamx": "^2.23.0"
      }
    },
    "node_modules/pear-opwait": {
      "version": "1.0.0",
      "resolved": "https://registry.npmjs.org/pear-opwait/-/pear-opwait-1.0.0.tgz",
      "integrity": "sha512-V8h7GWihtc5Cam4e0EDJebuwpTxndSRfVsIPAll1YZgf+QG5XrpwQeF8umvxiDBYJXwtJ9P3pVnbsM4jk7vDuA==",
      "license": "Apache-2.0",
      "dependencies": {
        "pear-errors": "^1.0.0"
      }
    },
    "node_modules/pear-pipe": {
      "version": "1.0.6",
      "resolved": "https://registry.npmjs.org/pear-pipe/-/pear-pipe-1.0.6.tgz",
      "integrity": "sha512-7XApSERIgctSlSjsZ8ATkFXwbkIyCEHG90GQdsc1DG2GkDYxYuGrq4c4H/YEE2jt1oq6VywwE/eNtvrlOEUeHg==",
      "license": "Apache-2.0",
      "dependencies": {
        "bare-fs": "^4.1.6",
        "bare-pipe": "^4.0.6",
        "streamx": "^2.22.1",
        "which-runtime": "^1.3.0"
      }
    },
    "node_modules/pear-ref": {
      "version": "1.0.2",
      "resolved": "https://registry.npmjs.org/pear-ref/-/pear-ref-1.0.2.tgz",
      "integrity": "sha512-IUGGSULYVF6jfdtsHY0XOokMp1v1KI89q8yPhsnqrLFf+Wq8EEOD0capny8gqXyu0eGkIh753X1cFUVL36n7FA==",
      "license": "Apache-2.0",
      "dependencies": {
        "bare-events": "^2.6.1"
      }
    },
    "node_modules/pear-rti": {
      "version": "1.0.1",
      "resolved": "https://registry.npmjs.org/pear-rti/-/pear-rti-1.0.1.tgz",
      "integrity": "sha512-rpVNVY9Zwu8ng5sTywaMV8exCkzRWATVElmCsgFH2zfdvVqvsYMxVN1oW9xKSAP2eKJ8cInoL1UmMJLcdbFIXA==",
      "license": "Apache-2.0",
      "dependencies": {
        "bare-path": "^3.0.0"
      }
    },
    "node_modules/pear-stamp": {
      "version": "1.0.2",
      "resolved": "https://registry.npmjs.org/pear-stamp/-/pear-stamp-1.0.2.tgz",
      "integrity": "sha512-1cU2EnHlcLsixP9cPZqIWJORxbCKyDCQ6G9JL1d+GFaEqwVmyOCSxHwzxzSdfTccWzpBI4Zs/5r/l0YpbQuvIg==",
      "license": "Apache-2.0",
      "dependencies": {
        "streamx": "^2.22.1"
      }
    },
    "node_modules/pear-terminal": {
      "version": "1.1.0",
      "resolved": "https://registry.npmjs.org/pear-terminal/-/pear-terminal-1.1.0.tgz",
      "integrity": "sha512-hRdd9EkMUE0D32HL8bMFiaoMn1NoP6pFL8C19baFJUgT8dSfwjLgKtKgjORdnINZ18Dj3Cij2nHyyTAP5Cy3Jw==",
      "license": "Apache-2.0",
      "dependencies": {
        "bare-events": "^2.6.1",
        "bare-fs": "^4.2.0",
        "bare-readline": "^1.0.9",
        "bare-stream": "^2.7.0",
        "bare-tty": "^5.0.2",
        "hypercore-id-encoding": "^1.3.0",
        "pear-constants": "^1.0.0",
        "pear-errors": "^1.0.1",
        "pear-gracedown": "^1.0.0",
        "pear-opwait": "^1.0.0",
        "streamx": "^2.22.1",
        "tiny-byte-size": "^1.1.0",
        "which-runtime": "^1.3.0"
      }
    },
    "node_modules/queue-tick": {
      "version": "1.0.1",
      "resolved": "https://registry.npmjs.org/queue-tick/-/queue-tick-1.0.1.tgz",
      "integrity": "sha512-kJt5qhMxoszgU/62PLP1CJytzd2NKetjSRnyuj31fDd3Rlcz3fzlFdFLD1SItunPwyqEOkca6GbV612BWfaBag==",
      "license": "MIT"
    },
    "node_modules/require-addon": {
      "version": "1.2.0",
      "resolved": "https://registry.npmjs.org/require-addon/-/require-addon-1.2.0.tgz",
      "integrity": "sha512-VNPDZlYgIYQwWp9jMTzljx+k0ZtatKlcvOhktZ/anNPI3dQ9NXk7cq2U4iJ1wd9IrytRnYhyEocFWbkdPb+MYA==",
      "license": "Apache-2.0",
      "dependencies": {
        "bare-addon-resolve": "^1.3.0"
      },
      "engines": {
        "bare": ">=1.10.0"
      }
    },
    "node_modules/safety-catch": {
      "version": "1.0.2",
      "resolved": "https://registry.npmjs.org/safety-catch/-/safety-catch-1.0.2.tgz",
      "integrity": "sha512-C1UYVZ4dtbBxEtvOcpjBaaD27nP8MlvyAQEp2fOTOEe6pfUpk1cDUxij6BR1jZup6rSyUTaBBplK7LanskrULA==",
      "license": "MIT"
    },
    "node_modules/same-data": {
      "version": "1.0.0",
      "resolved": "https://registry.npmjs.org/same-data/-/same-data-1.0.0.tgz",
      "integrity": "sha512-Eqn7N2yV+aKMlUHTRqUwYG1Iv0cJqjlvLKj/GoP5PozJn361QaOYX14+v87r7NqQUZC22noP/LfLrSQiPwAygw==",
      "license": "MIT"
    },
    "node_modules/sodium-native": {
      "version": "5.0.10",
      "resolved": "https://registry.npmjs.org/sodium-native/-/sodium-native-5.0.10.tgz",
      "integrity": "sha512-UIw+0AbpCQRuTJF88JWrZomP4O+PXhlWvdopiAJOsUivTyHTf3korMyStxkZuPngSbBEtEfDdc4ewEd8/T4/lA==",
      "license": "MIT",
      "dependencies": {
        "require-addon": "^1.1.0",
        "which-runtime": "^1.2.1"
      },
      "engines": {
        "bare": ">=1.16.0"
      }
    },
    "node_modules/speedometer": {
      "version": "1.1.0",
      "resolved": "https://registry.npmjs.org/speedometer/-/speedometer-1.1.0.tgz",
      "integrity": "sha512-z/wAiTESw2XVPssY2XRcme4niTc4S5FkkJ4gknudtVoc33Zil8TdTxHy5torRcgqMqksJV2Yz8HQcvtbsnw0mQ==",
      "license": "MIT"
    },
    "node_modules/streamx": {
      "version": "2.23.0",
      "resolved": "https://registry.npmjs.org/streamx/-/streamx-2.23.0.tgz",
      "integrity": "sha512-kn+e44esVfn2Fa/O0CPFcex27fjIL6MkVae0Mm6q+E6f0hWv578YCERbv+4m02cjxvDsPKLnmxral/rR6lBMAg==",
      "license": "MIT",
      "dependencies": {
        "events-universal": "^1.0.0",
        "fast-fifo": "^1.3.2",
        "text-decoder": "^1.1.0"
      }
    },
    "node_modules/text-decoder": {
      "version": "1.2.3",
      "resolved": "https://registry.npmjs.org/text-decoder/-/text-decoder-1.2.3.tgz",
      "integrity": "sha512-3/o9z3X0X0fTupwsYvR03pJ/DjWuqqrfwBgTQzdWDiQSm9KitAyz/9WqsT2JQW7KV2m+bC2ol/zqpW37NHxLaA==",
      "license": "Apache-2.0",
      "dependencies": {
        "b4a": "^1.6.4"
      }
    },
    "node_modules/tiny-byte-size": {
      "version": "1.1.0",
      "resolved": "https://registry.npmjs.org/tiny-byte-size/-/tiny-byte-size-1.1.0.tgz",
      "integrity": "sha512-OQ+i4RZzIQ0CR22DEr3G+ckRwN93R9UQMNqeym41Ntfj/dchPyWu1cuu8mvdCv61Ng3uOmNgX+8WesK1f37x+w==",
      "license": "MIT"
    },
    "node_modules/unix-path-resolve": {
      "version": "1.0.2",
      "resolved": "https://registry.npmjs.org/unix-path-resolve/-/unix-path-resolve-1.0.2.tgz",
      "integrity": "sha512-kG4g5nobBBaMnH2XbrS4sLUXEpx4nY2J3C6KAlAUcnahG2HChxSPVKWYrqEq76iTo+cyMkLUjqxGaQR2tz097Q==",
      "license": "MIT"
    },
    "node_modules/url-file-url": {
      "version": "1.0.5",
      "resolved": "https://registry.npmjs.org/url-file-url/-/url-file-url-1.0.5.tgz",
      "integrity": "sha512-RkUWAFWSmCDpyFn2qf2QO8Gnwf0y5RadgJuDpBeFD6gEzDuh6hTNpd/jox4znFFqZ79ghAS0gGM7F3ZU4nrMWw==",
      "license": "Apache-2.0",
      "dependencies": {
        "bare-path": "^3.0.0",
        "which-runtime": "^1.2.0"
      }
    },
    "node_modules/which-runtime": {
      "version": "1.3.2",
      "resolved": "https://registry.npmjs.org/which-runtime/-/which-runtime-1.3.2.tgz",
      "integrity": "sha512-5kwCfWml7+b2NO7KrLMhYihjRx0teKkd3yGp1Xk5Vaf2JGdSh+rgVhEALAD9c/59dP+YwJHXoEO7e8QPy7gOkw==",
      "license": "Apache-2.0"
    },
    "node_modules/z32": {
      "version": "1.1.0",
      "resolved": "https://registry.npmjs.org/z32/-/z32-1.1.0.tgz",
      "integrity": "sha512-1WUHy+VS6d0HPNspDxvLssBbeQjXMjSnpv0vH82vRAUfg847NmX3OXozp/hRP5jPhxBbrVzrgvAt+UsGNzRFQQ==",
      "license": "MIT",
      "dependencies": {
        "b4a": "^1.5.3"
      }
    }
  }
}
